
Microsoft Visual Studio Solution File, Format Version 12.00
# Visual Studio Version 16
VisualStudioVersion = 16.0.30611.23
MinimumVisualStudioVersion = 10.0.40219.1
Project("{FAE04EC0-301F-11D3-BF4B-00C04F79EFBC}") = "OpenTKGL2", "OpenTKGL2\OpenTKGL2.csproj", "{7DCF956C-FE95-4DCB-B432-351BF84AEE49}"
EndProject
Global
	GlobalSection(SolutionConfigurationPlatforms) = preSolution
		Debug|Any CPU = Debug|Any CPU
		Release|Any CPU = Release|Any CPU
	EndGlobalSection
	GlobalSection(ProjectConfigurationPlatforms) = postSolution
		{7DCF956C-FE95-4DCB-B432-351BF84AEE49}.Debug|Any CPU.ActiveCfg = Debug|Any CPU
		{7DCF956C-FE95-4DCB-B432-351BF84AEE49}.Debug|Any CPU.Build.0 = Debug|Any CPU
		{7DCF956C-FE95-4DCB-B432-351BF84AEE49}.Release|Any CPU.ActiveCfg = Release|Any CPU
		{7DCF956C-FE95-4DCB-B432-351BF84AEE49}.Release|Any CPU.Build.0 = Release|Any CPU
	EndGlobalSection
	GlobalSection(SolutionProperties) = preSolution
		HideSolutionNode = FALSE
	EndGlobalSection
	GlobalSection(ExtensibilityGlobals) = postSolution
		SolutionGuid = {C523561C-DC89-4487-A450-E2F484170DC2}
	EndGlobalSection
EndGlobal
